// !$*UTF8*$!
{
	archiveVersion = 1;
	classes = {
	};
	objectVersion = 46;
	objects = {

/* Begin PBXBuildFile section */
		CEF165ED1A6417E100B0C68C /* main.m in Sources */ = {isa = PBXBuildFile; fileRef = CEF165EC1A6417E100B0C68C /* main.m */; };
		CEF165F01A6417E100B0C68C /* AppDelegate.m in Sources */ = {isa = PBXBuildFile; fileRef = CEF165EF1A6417E100B0C68C /* AppDelegate.m */; };
		CEF165F31A6417E100B0C68C /* ViewController.m in Sources */ = {isa = PBXBuildFile; fileRef = CEF165F21A6417E100B0C68C /* ViewController.m */; };
		CEF165F61A6417E100B0C68C /* Main.storyboard in Resources */ = {isa = PBXBuildFile; fileRef = CEF165F41A6417E100B0C68C /* Main.storyboard */; };
		CEF165F81A6417E100B0C68C /* Images.xcassets in Resources */ = {isa = PBXBuildFile; fileRef = CEF165F71A6417E100B0C68C /* Images.xcassets */; };
		CEF165FB1A6417E100B0C68C /* LaunchScreen.xib in Resources */ = {isa = PBXBuildFile; fileRef = CEF165F91A6417E100B0C68C /* LaunchScreen.xib */; };
		CEF166071A6417E100B0C68C /* TicTacToeTests.m in Sources */ = {isa = PBXBuildFile; fileRef = CEF166061A6417E100B0C68C /* TicTacToeTests.m */; };
/* End PBXBuildFile section */

/* Begin PBXContainerItemProxy section */
		CEF166011A6417E100B0C68C /* PBXContainerItemProxy */ = {
			isa = PBXContainerItemProxy;
			containerPortal = CEF165DF1A6417E100B0C68C /* Project object */;
			proxyType = 1;
			remoteGlobalIDString = CEF165E61A6417E100B0C68C;
			remoteInfo = TicTacToe;
		};
/* End PBXContainerItemProxy section */

/* Begin PBXFileReference section */
		CEF165E71A6417E100B0C68C /* TicTacToe.app */ = {isa = PBXFileReference; explicitFileType = wrapper.application; includeInIndex = 0; path = TicTacToe.app; sourceTree = BUILT_PRODUCTS_DIR; };
		CEF165EB1A6417E100B0C68C /* Info.plist */ = {isa = PBXFileReference; lastKnownFileType = text.plist.xml; path = Info.plist; sourceTree = "<group>"; };
		CEF165EC1A6417E100B0C68C /* main.m */ = {isa = PBXFileReference; lastKnownFileType = sourcecode.c.objc; path = main.m; sourceTree = "<group>"; };
		CEF165EE1A6417E100B0C68C /* AppDelegate.h */ = {isa = PBXFileReference; lastKnownFileType = sourcecode.c.h; path = AppDelegate.h; sourceTree = "<group>"; };
		CEF165EF1A6417E100B0C68C /* AppDelegate.m */ = {isa = PBXFileReference; lastKnownFileType = sourcecode.c.objc; path = AppDelegate.m; sourceTree = "<group>"; };
		CEF165F11A6417E100B0C68C /* ViewController.h */ = {isa = PBXFileReference; lastKnownFileType = sourcecode.c.h; path = ViewController.h; sourceTree = "<group>"; };
		CEF165F21A6417E100B0C68C /* ViewController.m */ = {isa = PBXFileReference; lastKnownFileType = sourcecode.c.objc; path = ViewController.m; sourceTree = "<group>"; };
		CEF165F51A6417E100B0C68C /* Base */ = {isa = PBXFileReference; lastKnownFileType = file.storyboard; name = Base; path = Base.lproj/Main.storyboard; sourceTree = "<group>"; };
		CEF165F71A6417E100B0C68C /* Images.xcassets */ = {isa = PBXFileReference; lastKnownFileType = folder.assetcatalog; path = Images.xcassets; sourceTree = "<group>"; };
		CEF165FA1A6417E100B0C68C /* Base */ = {isa = PBXFileReference; lastKnownFileType = file.xib; name = Base; path = Base.lproj/LaunchScreen.xib; sourceTree = "<group>"; };
		CEF166001A6417E100B0C68C /* TicTacToeTests.xctest */ = {isa = PBXFileReference; explicitFileType = wrapper.cfbundle; includeInIndex = 0; path = TicTacToeTests.xctest; sourceTree = BUILT_PRODUCTS_DIR; };
		CEF166051A6417E100B0C68C /* Info.plist */ = {isa = PBXFileReference; lastKnownFileType = text.plist.xml; path = Info.plist; sourceTree = "<group>"; };
		CEF166061A6417E100B0C68C /* TicTacToeTests.m */ = {isa = PBXFileReference; lastKnownFileType = sourcecode.c.objc; path = TicTacToeTests.m; sourceTree = "<group>"; };
/* End PBXFileReference section */

/* Begin PBXFrameworksBuildPhase section */
		CEF165E41A6417E100B0C68C /* Frameworks */ = {
			isa = PBXFrameworksBuildPhase;
			buildActionMask = 2147483647;
			files = (
			);
			runOnlyForDeploymentPostprocessing = 0;
		};
		CEF165FD1A6417E100B0C68C /* Frameworks */ = {
			isa = PBXFrameworksBuildPhase;
			buildActionMask = 2147483647;
			files = (
			);
			runOnlyForDeploymentPostprocessing = 0;
		};
/* End PBXFrameworksBuildPhase section */

/* Begin PBXGroup section */
		CEF165DE1A6417E100B0C68C = {
			isa = PBXGroup;
			children = (
				CEF165E91A6417E100B0C68C /* TicTacToe */,
				CEF166031A6417E100B0C68C /* TicTacToeTests */,
				CEF165E81A6417E100B0C68C /* Products */,
			);
			sourceTree = "<group>";
		};
		CEF165E81A6417E100B0C68C /* Products */ = {
			isa = PBXGroup;
			children = (
				CEF165E71A6417E100B0C68C /* TicTacToe.app */,
				CEF166001A6417E100B0C68C /* TicTacToeTests.xctest */,
			);
			name = Products;
			sourceTree = "<group>";
		};
		CEF165E91A6417E100B0C68C /* TicTacToe */ = {
			isa = PBXGroup;
			children = (
				CEF165EE1A6417E100B0C68C /* AppDelegate.h */,
				CEF165EF1A6417E100B0C68C /* AppDelegate.m */,
				CEF165F11A6417E100B0C68C /* ViewController.h */,
				CEF165F21A6417E100B0C68C /* ViewController.m */,
				CEF165F41A6417E100B0C68C /* Main.storyboard */,
				CEF165F71A6417E100B0C68C /* Images.xcassets */,
				CEF165F91A6417E100B0C68C /* LaunchScreen.xib */,
				CEF165EA1A6417E100B0C68C /* Supporting Files */,
			);
			path = TicTacToe;
			sourceTree = "<group>";
		};
		CEF165EA1A6417E100B0C68C /* Supporting Files */ = {
			isa = PBXGroup;
			children = (
				CEF165EB1A6417E100B0C68C /* Info.plist */,
				CEF165EC1A6417E100B0C68C /* main.m */,
			);
			name = "Supporting Files";
			sourceTree = "<group>";
		};
		CEF166031A6417E100B0C68C /* TicTacToeTests */ = {
			isa = PBXGroup;
			children = (
				CEF166061A6417E100B0C68C /* TicTacToeTests.m */,
				CEF166041A6417E100B0C68C /* Supporting Files */,
			);
			path = TicTacToeTests;
			sourceTree = "<group>";
		};
		CEF166041A6417E100B0C68C /* Supporting Files */ = {
			isa = PBXGroup;
			children = (
				CEF166051A6417E100B0C68C /* Info.plist */,
			);
			name = "Supporting Files";
			sourceTree = "<group>";
		};
/* End PBXGroup section */

/* Begin PBXNativeTarget section */
		CEF165E61A6417E100B0C68C /* TicTacToe */ = {
			isa = PBXNativeTarget;
			buildConfigurationList = CEF1660A1A6417E100B0C68C /* Build configuration list for PBXNativeTarget "TicTacToe" */;
			buildPhases = (
				CEF165E31A6417E100B0C68C /* Sources */,
				CEF165E41A6417E100B0C68C /* Frameworks */,
				CEF165E51A6417E100B0C68C /* Resources */,
			);
			buildRules = (
			);
			dependencies = (
			);
			name = TicTacToe;
			productName = TicTacToe;
			productReference = CEF165E71A6417E100B0C68C /* TicTacToe.app */;
			productType = "com.apple.product-type.application";
		};
		CEF165FF1A6417E100B0C68C /* TicTacToeTests */ = {
			isa = PBXNativeTarget;
			buildConfigurationList = CEF1660D1A6417E100B0C68C /* Build configuration list for PBXNativeTarget "TicTacToeTests" */;
			buildPhases = (
				CEF165FC1A6417E100B0C68C /* Sources */,
				CEF165FD1A6417E100B0C68C /* Frameworks */,
				CEF165FE1A6417E100B0C68C /* Resources */,
			);
			buildRules = (
			);
			dependencies = (
				CEF166021A6417E100B0C68C /* PBXTargetDependency */,
			);
			name = TicTacToeTests;
			productName = TicTacToeTests;
			productReference = CEF166001A6417E100B0C68C /* TicTacToeTests.xctest */;
			productType = "com.apple.product-type.bundle.unit-test";
		};
/* End PBXNativeTarget section */

/* Begin PBXProject section */
		CEF165DF1A6417E100B0C68C /* Project object */ = {
			isa = PBXProject;
			attributes = {
				LastUpgradeCheck = 0610;
				ORGANIZATIONNAME = "Greg Pachman";
				TargetAttributes = {
					CEF165E61A6417E100B0C68C = {
						CreatedOnToolsVersion = 6.1.1;
					};
					CEF165FF1A6417E100B0C68C = {
						CreatedOnToolsVersion = 6.1.1;
						TestTargetID = CEF165E61A6417E100B0C68C;
					};
				};
			};
			buildConfigurationList = CEF165E21A6417E100B0C68C /* Build configuration list for PBXProject "TicTacToe" */;
			compatibilityVersion = "Xcode 3.2";
			developmentRegion = English;
			hasScannedForEncodings = 0;
			knownRegions = (
				en,
				Base,
			);
			mainGroup = CEF165DE1A6417E100B0C68C;
			productRefGroup = CEF165E81A6417E100B0C68C /* Products */;
			projectDirPath = "";
			projectRoot = "";
			targets = (
				CEF165E61A6417E100B0C68C /* TicTacToe */,
				CEF165FF1A6417E100B0C68C /* TicTacToeTests */,
			);
		};
/* End PBXProject section */

/* Begin PBXResourcesBuildPhase section */
		CEF165E51A6417E100B0C68C /* Resources */ = {
			isa = PBXResourcesBuildPhase;
			buildActionMask = 2147483647;
			files = (
				CEF165F61A6417E100B0C68C /* Main.storyboard in Resources */,
				CEF165FB1A6417E100B0C68C /* LaunchScreen.xib in Resources */,
				CEF165F81A6417E100B0C68C /* Images.xcassets in Resources */,
			);
			runOnlyForDeploymentPostprocessing = 0;
		};
		CEF165FE1A6417E100B0C68C /* Resources */ = {
			isa = PBXResourcesBuildPhase;
			buildActionMask = 2147483647;
			files = (
			);
			runOnlyForDeploymentPostprocessing = 0;
		};
/* End PBXResourcesBuildPhase section */

/* Begin PBXSourcesBuildPhase section */
		CEF165E31A6417E100B0C68C /* Sources */ = {
			isa = PBXSourcesBuildPhase;
			buildActionMask = 2147483647;
			files = (
				CEF165F31A6417E100B0C68C /* ViewController.m in Sources */,
				CEF165F01A6417E100B0C68C /* AppDelegate.m in Sources */,
				CEF165ED1A6417E100B0C68C /* main.m in Sources */,
			);
			runOnlyForDeploymentPostprocessing = 0;
		};
		CEF165FC1A6417E100B0C68C /* Sources */ = {
			isa = PBXSourcesBuildPhase;
			buildActionMask = 2147483647;
			files = (
				CEF166071A6417E100B0C68C /* TicTacToeTests.m in Sources */,
			);
			runOnlyForDeploymentPostprocessing = 0;
		};
/* End PBXSourcesBuildPhase section */

/* Begin PBXTargetDependency section */
		CEF166021A6417E100B0C68C /* PBXTargetDependency */ = {
			isa = PBXTargetDependency;
			target = CEF165E61A6417E100B0C68C /* TicTacToe */;
			targetProxy = CEF166011A6417E100B0C68C /* PBXContainerItemProxy */;
		};
/* End PBXTargetDependency section */

/* Begin PBXVariantGroup section */
		CEF165F41A6417E100B0C68C /* Main.storyboard */ = {
			isa = PBXVariantGroup;
			children = (
				CEF165F51A6417E100B0C68C /* Base */,
			);
			name = Main.storyboard;
			sourceTree = "<group>";
		};
		CEF165F91A6417E100B0C68C /* LaunchScreen.xib */ = {
			isa = PBXVariantGroup;
			children = (
				CEF165FA1A6417E100B0C68C /* Base */,
			);
			name = LaunchScreen.xib;
			sourceTree = "<group>";
		};
/* End PBXVariantGroup section */

/* Begin XCBuildConfiguration section */
		CEF166081A6417E100B0C68C /* Debug */ = {
			isa = XCBuildConfiguration;
			buildSettings = {
				ALWAYS_SEARCH_USER_PATHS = NO;
				CLANG_CXX_LANGUAGE_STANDARD = "gnu++0x";
				CLANG_CXX_LIBRARY = "libc++";
				CLANG_ENABLE_MODULES = YES;
				CLANG_ENABLE_OBJC_ARC = YES;
				CLANG_WARN_BOOL_CONVERSION = YES;
				CLANG_WARN_CONSTANT_CONVERSION = YES;
				CLANG_WARN_DIRECT_OBJC_ISA_USAGE = YES_ERROR;
				CLANG_WARN_EMPTY_BODY = YES;
				CLANG_WARN_ENUM_CONVERSION = YES;
				CLANG_WARN_INT_CONVERSION = YES;
				CLANG_WARN_OBJC_ROOT_CLASS = YES_ERROR;
				CLANG_WARN_UNREACHABLE_CODE = YES;
				CLANG_WARN__DUPLICATE_METHOD_MATCH = YES;
				"CODE_SIGN_IDENTITY[sdk=iphoneos*]" = "iPhone Developer";
				COPY_PHASE_STRIP = NO;
				ENABLE_STRICT_OBJC_MSGSEND = YES;
				GCC_C_LANGUAGE_STANDARD = gnu99;
				GCC_DYNAMIC_NO_PIC = NO;
				GCC_OPTIMIZATION_LEVEL = 0;
				GCC_PREPROCESSOR_DEFINITIONS = (
					"DEBUG=1",
					"$(inherited)",
				);
				GCC_SYMBOLS_PRIVATE_EXTERN = NO;
				GCC_WARN_64_TO_32_BIT_CONVERSION = YES;
				GCC_WARN_ABOUT_RETURN_TYPE = YES_ERROR;
				GCC_WARN_UNDECLARED_SELECTOR = YES;
				GCC_WARN_UNINITIALIZED_AUTOS = YES_AGGRESSIVE;
				GCC_WARN_UNUSED_FUNCTION = YES;
				GCC_WARN_UNUSED_VARIABLE = YES;
				IPHONEOS_DEPLOYMENT_TARGET = 8.1;
				MTL_ENABLE_DEBUG_INFO = YES;
				ONLY_ACTIVE_ARCH = YES;
				SDKROOT = iphoneos;
			};
			name = Debug;
		};
		CEF166091A6417E100B0C68C /* Release */ = {
			isa = XCBuildConfiguration;
			buildSettings = {
				ALWAYS_SEARCH_USER_PATHS = NO;
				CLANG_CXX_LANGUAGE_STANDARD = "gnu++0x";
				CLANG_CXX_LIBRARY = "libc++";
				CLANG_ENABLE_MODULES = YES;
				CLANG_ENABLE_OBJC_ARC = YES;
				CLANG_WARN_BOOL_CONVERSION = YES;
				CLANG_WARN_CONSTANT_CONVERSION = YES;
				CLANG_WARN_DIRECT_OBJC_ISA_USAGE = YES_ERROR;
				CLANG_WARN_EMPTY_BODY = YES;
				CLANG_WARN_ENUM_CONVERSION = YES;
				CLANG_WARN_INT_CONVERSION = YES;
				CLANG_WARN_OBJC_ROOT_CLASS = YES_ERROR;
				CLANG_WARN_UNREACHABLE_CODE = YES;
				CLANG_WARN__DUPLICATE_METHOD_MATCH = YES;
				"CODE_SIGN_IDENTITY[sdk=iphoneos*]" = "iPhone Developer";
				COPY_PHASE_STRIP = YES;
				ENABLE_NS_ASSERTIONS = NO;
				ENABLE_STRICT_OBJC_MSGSEND = YES;
				GCC_C_LANGUAGE_STANDARD = gnu99;
				GCC_WARN_64_TO_32_BIT_CONVERSION = YES;
				GCC_WARN_ABOUT_RETURN_TYPE = YES_ERROR;
				GCC_WARN_UNDECLARED_SELECTOR = YES;
				GCC_WARN_UNINITIALIZED_AUTOS = YES_AGGRESSIVE;
				GCC_WARN_UNUSED_FUNCTION = YES;
				GCC_WARN_UNUSED_VARIABLE = YES;
				IPHONEOS_DEPLOYMENT_TARGET = 8.1;
				MTL_ENABLE_DEBUG_INFO = NO;
				SDKROOT = iphoneos;
				VALIDATE_PRODUCT = YES;
			};
			name = Release;
		};
		CEF1660B1A6417E100B0C68C /* Debug */ = {
			isa = XCBuildConfiguration;
			buildSettings = {
				ASSETCATALOG_COMPILER_APPICON_NAME = AppIcon;
				INFOPLIST_FILE = TicTacToe/Info.plist;
				IPHONEOS_DEPLOYMENT_TARGET = 8.0;
				LD_RUNPATH_SEARCH_PATHS = "$(inherited) @executable_path/Frameworks";
				PRODUCT_NAME = "$(TARGET_NAME)";
			};
			name = Debug;
		};
		CEF1660C1A6417E100B0C68C /* Release */ = {
			isa = XCBuildConfiguration;
			buildSettings = {
				ASSETCATALOG_COMPILER_APPICON_NAME = AppIcon;
				INFOPLIST_FILE = TicTacToe/Info.plist;
				IPHONEOS_DEPLOYMENT_TARGET = 8.0;
				LD_RUNPATH_SEARCH_PATHS = "$(inherited) @executable_path/Frameworks";
				PRODUCT_NAME = "$(TARGET_NAME)";
			};
			name = Release;
		};
		CEF1660E1A6417E100B0C68C /* Debug */ = {
			isa = XCBuildConfiguration;
			buildSettings = {
				BUNDLE_LOADER = "$(TEST_HOST)";
				FRAMEWORK_SEARCH_PATHS = (
					"$(SDKROOT)/Developer/Library/Frameworks",
					"$(inherited)",
				);
				GCC_PREPROCESSOR_DEFINITIONS = (
					"DEBUG=1",
					"$(inherited)",
				);
				INFOPLIST_FILE = TicTacToeTests/Info.plist;
				LD_RUNPATH_SEARCH_PATHS = "$(inherited) @executable_path/Frameworks @loader_path/Frameworks";
				PRODUCT_NAME = "$(TARGET_NAME)";
				TEST_HOST = "$(BUILT_PRODUCTS_DIR)/TicTacToe.app/TicTacToe";
			};
			name = Debug;
		};
		CEF1660F1A6417E100B0C68C /* Release */ = {
			isa = XCBuildConfiguration;
			buildSettings = {
				BUNDLE_LOADER = "$(TEST_HOST)";
				FRAMEWORK_SEARCH_PATHS = (
					"$(SDKROOT)/Developer/Library/Frameworks",
					"$(inherited)",
				);
				INFOPLIST_FILE = TicTacToeTests/Info.plist;
				LD_RUNPATH_SEARCH_PATHS = "$(inherited) @executable_path/Frameworks @loader_path/Frameworks";
				PRODUCT_NAME = "$(TARGET_NAME)";
				TEST_HOST = "$(BUILT_PRODUCTS_DIR)/TicTacToe.app/TicTacToe";
			};
			name = Release;
		};
/* End XCBuildConfiguration section */

/* Begin XCConfigurationList section */
		CEF165E21A6417E100B0C68C /* Build configuration list for PBXProject "TicTacToe" */ = {
			isa = XCConfigurationList;
			buildConfigurations = (
				CEF166081A6417E100B0C68C /* Debug */,
				CEF166091A6417E100B0C68C /* Release */,
			);
			defaultConfigurationIsVisible = 0;
			defaultConfigurationName = Release;
		};
		CEF1660A1A6417E100B0C68C /* Build configuration list for PBXNativeTarget "TicTacToe" */ = {
			isa = XCConfigurationList;
			buildConfigurations = (
				CEF1660B1A6417E100B0C68C /* Debug */,
				CEF1660C1A6417E100B0C68C /* Release */,
			);
			defaultConfigurationIsVisible = 0;
		};
		CEF1660D1A6417E100B0C68C /* Build configuration list for PBXNativeTarget "TicTacToeTests" */ = {
			isa = XCConfigurationList;
			buildConfigurations = (
				CEF1660E1A6417E100B0C68C /* Debug */,
				CEF1660F1A6417E100B0C68C /* Release */,
			);
			defaultConfigurationIsVisible = 0;
		};
/* End XCConfigurationList section */
	};
	rootObject = CEF165DF1A6417E100B0C68C /* Project object */;
}
