// !$*UTF8*$!
{
	archiveVersion = 1;
	classes = {
	};
	objectVersion = 46;
	objects = {

/* Begin PBXBuildFile section */
		CEAD62061A5ECA9100855D82 /* main.m in Sources */ = {isa = PBXBuildFile; fileRef = CEAD62051A5ECA9100855D82 /* main.m */; };
		CEAD62091A5ECA9100855D82 /* AppDelegate.m in Sources */ = {isa = PBXBuildFile; fileRef = CEAD62081A5ECA9100855D82 /* AppDelegate.m */; };
		CEAD620C1A5ECA9100855D82 /* ViewController.m in Sources */ = {isa = PBXBuildFile; fileRef = CEAD620B1A5ECA9100855D82 /* ViewController.m */; };
		CEAD620F1A5ECA9100855D82 /* Main.storyboard in Resources */ = {isa = PBXBuildFile; fileRef = CEAD620D1A5ECA9100855D82 /* Main.storyboard */; };
		CEAD62111A5ECA9100855D82 /* Images.xcassets in Resources */ = {isa = PBXBuildFile; fileRef = CEAD62101A5ECA9100855D82 /* Images.xcassets */; };
		CEAD62141A5ECA9100855D82 /* LaunchScreen.xib in Resources */ = {isa = PBXBuildFile; fileRef = CEAD62121A5ECA9100855D82 /* LaunchScreen.xib */; };
		CEAD62201A5ECA9100855D82 /* GitHubFriendsTests.m in Sources */ = {isa = PBXBuildFile; fileRef = CEAD621F1A5ECA9100855D82 /* GitHubFriendsTests.m */; };
/* End PBXBuildFile section */

/* Begin PBXContainerItemProxy section */
		CEAD621A1A5ECA9100855D82 /* PBXContainerItemProxy */ = {
			isa = PBXContainerItemProxy;
			containerPortal = CEAD61F81A5ECA9100855D82 /* Project object */;
			proxyType = 1;
			remoteGlobalIDString = CEAD61FF1A5ECA9100855D82;
			remoteInfo = GitHubFriends;
		};
/* End PBXContainerItemProxy section */

/* Begin PBXFileReference section */
		CEAD62001A5ECA9100855D82 /* GitHubFriends.app */ = {isa = PBXFileReference; explicitFileType = wrapper.application; includeInIndex = 0; path = GitHubFriends.app; sourceTree = BUILT_PRODUCTS_DIR; };
		CEAD62041A5ECA9100855D82 /* Info.plist */ = {isa = PBXFileReference; lastKnownFileType = text.plist.xml; path = Info.plist; sourceTree = "<group>"; };
		CEAD62051A5ECA9100855D82 /* main.m */ = {isa = PBXFileReference; lastKnownFileType = sourcecode.c.objc; path = main.m; sourceTree = "<group>"; };
		CEAD62071A5ECA9100855D82 /* AppDelegate.h */ = {isa = PBXFileReference; lastKnownFileType = sourcecode.c.h; path = AppDelegate.h; sourceTree = "<group>"; };
		CEAD62081A5ECA9100855D82 /* AppDelegate.m */ = {isa = PBXFileReference; lastKnownFileType = sourcecode.c.objc; path = AppDelegate.m; sourceTree = "<group>"; };
		CEAD620A1A5ECA9100855D82 /* ViewController.h */ = {isa = PBXFileReference; lastKnownFileType = sourcecode.c.h; path = ViewController.h; sourceTree = "<group>"; };
		CEAD620B1A5ECA9100855D82 /* ViewController.m */ = {isa = PBXFileReference; lastKnownFileType = sourcecode.c.objc; path = ViewController.m; sourceTree = "<group>"; };
		CEAD620E1A5ECA9100855D82 /* Base */ = {isa = PBXFileReference; lastKnownFileType = file.storyboard; name = Base; path = Base.lproj/Main.storyboard; sourceTree = "<group>"; };
		CEAD62101A5ECA9100855D82 /* Images.xcassets */ = {isa = PBXFileReference; lastKnownFileType = folder.assetcatalog; path = Images.xcassets; sourceTree = "<group>"; };
		CEAD62131A5ECA9100855D82 /* Base */ = {isa = PBXFileReference; lastKnownFileType = file.xib; name = Base; path = Base.lproj/LaunchScreen.xib; sourceTree = "<group>"; };
		CEAD62191A5ECA9100855D82 /* GitHubFriendsTests.xctest */ = {isa = PBXFileReference; explicitFileType = wrapper.cfbundle; includeInIndex = 0; path = GitHubFriendsTests.xctest; sourceTree = BUILT_PRODUCTS_DIR; };
		CEAD621E1A5ECA9100855D82 /* Info.plist */ = {isa = PBXFileReference; lastKnownFileType = text.plist.xml; path = Info.plist; sourceTree = "<group>"; };
		CEAD621F1A5ECA9100855D82 /* GitHubFriendsTests.m */ = {isa = PBXFileReference; lastKnownFileType = sourcecode.c.objc; path = GitHubFriendsTests.m; sourceTree = "<group>"; };
/* End PBXFileReference section */

/* Begin PBXFrameworksBuildPhase section */
		CEAD61FD1A5ECA9100855D82 /* Frameworks */ = {
			isa = PBXFrameworksBuildPhase;
			buildActionMask = 2147483647;
			files = (
			);
			runOnlyForDeploymentPostprocessing = 0;
		};
		CEAD62161A5ECA9100855D82 /* Frameworks */ = {
			isa = PBXFrameworksBuildPhase;
			buildActionMask = 2147483647;
			files = (
			);
			runOnlyForDeploymentPostprocessing = 0;
		};
/* End PBXFrameworksBuildPhase section */

/* Begin PBXGroup section */
		CEAD61F71A5ECA9100855D82 = {
			isa = PBXGroup;
			children = (
				CEAD62021A5ECA9100855D82 /* GitHubFriends */,
				CEAD621C1A5ECA9100855D82 /* GitHubFriendsTests */,
				CEAD62011A5ECA9100855D82 /* Products */,
			);
			sourceTree = "<group>";
		};
		CEAD62011A5ECA9100855D82 /* Products */ = {
			isa = PBXGroup;
			children = (
				CEAD62001A5ECA9100855D82 /* GitHubFriends.app */,
				CEAD62191A5ECA9100855D82 /* GitHubFriendsTests.xctest */,
			);
			name = Products;
			sourceTree = "<group>";
		};
		CEAD62021A5ECA9100855D82 /* GitHubFriends */ = {
			isa = PBXGroup;
			children = (
				CEAD62071A5ECA9100855D82 /* AppDelegate.h */,
				CEAD62081A5ECA9100855D82 /* AppDelegate.m */,
				CEAD620A1A5ECA9100855D82 /* ViewController.h */,
				CEAD620B1A5ECA9100855D82 /* ViewController.m */,
				CEAD620D1A5ECA9100855D82 /* Main.storyboard */,
				CEAD62101A5ECA9100855D82 /* Images.xcassets */,
				CEAD62121A5ECA9100855D82 /* LaunchScreen.xib */,
				CEAD62031A5ECA9100855D82 /* Supporting Files */,
			);
			path = GitHubFriends;
			sourceTree = "<group>";
		};
		CEAD62031A5ECA9100855D82 /* Supporting Files */ = {
			isa = PBXGroup;
			children = (
				CEAD62041A5ECA9100855D82 /* Info.plist */,
				CEAD62051A5ECA9100855D82 /* main.m */,
			);
			name = "Supporting Files";
			sourceTree = "<group>";
		};
		CEAD621C1A5ECA9100855D82 /* GitHubFriendsTests */ = {
			isa = PBXGroup;
			children = (
				CEAD621F1A5ECA9100855D82 /* GitHubFriendsTests.m */,
				CEAD621D1A5ECA9100855D82 /* Supporting Files */,
			);
			path = GitHubFriendsTests;
			sourceTree = "<group>";
		};
		CEAD621D1A5ECA9100855D82 /* Supporting Files */ = {
			isa = PBXGroup;
			children = (
				CEAD621E1A5ECA9100855D82 /* Info.plist */,
			);
			name = "Supporting Files";
			sourceTree = "<group>";
		};
/* End PBXGroup section */

/* Begin PBXNativeTarget section */
		CEAD61FF1A5ECA9100855D82 /* GitHubFriends */ = {
			isa = PBXNativeTarget;
			buildConfigurationList = CEAD62231A5ECA9100855D82 /* Build configuration list for PBXNativeTarget "GitHubFriends" */;
			buildPhases = (
				CEAD61FC1A5ECA9100855D82 /* Sources */,
				CEAD61FD1A5ECA9100855D82 /* Frameworks */,
				CEAD61FE1A5ECA9100855D82 /* Resources */,
			);
			buildRules = (
			);
			dependencies = (
			);
			name = GitHubFriends;
			productName = GitHubFriends;
			productReference = CEAD62001A5ECA9100855D82 /* GitHubFriends.app */;
			productType = "com.apple.product-type.application";
		};
		CEAD62181A5ECA9100855D82 /* GitHubFriendsTests */ = {
			isa = PBXNativeTarget;
			buildConfigurationList = CEAD62261A5ECA9100855D82 /* Build configuration list for PBXNativeTarget "GitHubFriendsTests" */;
			buildPhases = (
				CEAD62151A5ECA9100855D82 /* Sources */,
				CEAD62161A5ECA9100855D82 /* Frameworks */,
				CEAD62171A5ECA9100855D82 /* Resources */,
			);
			buildRules = (
			);
			dependencies = (
				CEAD621B1A5ECA9100855D82 /* PBXTargetDependency */,
			);
			name = GitHubFriendsTests;
			productName = GitHubFriendsTests;
			productReference = CEAD62191A5ECA9100855D82 /* GitHubFriendsTests.xctest */;
			productType = "com.apple.product-type.bundle.unit-test";
		};
/* End PBXNativeTarget section */

/* Begin PBXProject section */
		CEAD61F81A5ECA9100855D82 /* Project object */ = {
			isa = PBXProject;
			attributes = {
				LastUpgradeCheck = 0610;
				ORGANIZATIONNAME = "Greg Pachman";
				TargetAttributes = {
					CEAD61FF1A5ECA9100855D82 = {
						CreatedOnToolsVersion = 6.1.1;
					};
					CEAD62181A5ECA9100855D82 = {
						CreatedOnToolsVersion = 6.1.1;
						TestTargetID = CEAD61FF1A5ECA9100855D82;
					};
				};
			};
			buildConfigurationList = CEAD61FB1A5ECA9100855D82 /* Build configuration list for PBXProject "GitHubFriends" */;
			compatibilityVersion = "Xcode 3.2";
			developmentRegion = English;
			hasScannedForEncodings = 0;
			knownRegions = (
				en,
				Base,
			);
			mainGroup = CEAD61F71A5ECA9100855D82;
			productRefGroup = CEAD62011A5ECA9100855D82 /* Products */;
			projectDirPath = "";
			projectRoot = "";
			targets = (
				CEAD61FF1A5ECA9100855D82 /* GitHubFriends */,
				CEAD62181A5ECA9100855D82 /* GitHubFriendsTests */,
			);
		};
/* End PBXProject section */

/* Begin PBXResourcesBuildPhase section */
		CEAD61FE1A5ECA9100855D82 /* Resources */ = {
			isa = PBXResourcesBuildPhase;
			buildActionMask = 2147483647;
			files = (
				CEAD620F1A5ECA9100855D82 /* Main.storyboard in Resources */,
				CEAD62141A5ECA9100855D82 /* LaunchScreen.xib in Resources */,
				CEAD62111A5ECA9100855D82 /* Images.xcassets in Resources */,
			);
			runOnlyForDeploymentPostprocessing = 0;
		};
		CEAD62171A5ECA9100855D82 /* Resources */ = {
			isa = PBXResourcesBuildPhase;
			buildActionMask = 2147483647;
			files = (
			);
			runOnlyForDeploymentPostprocessing = 0;
		};
/* End PBXResourcesBuildPhase section */

/* Begin PBXSourcesBuildPhase section */
		CEAD61FC1A5ECA9100855D82 /* Sources */ = {
			isa = PBXSourcesBuildPhase;
			buildActionMask = 2147483647;
			files = (
				CEAD620C1A5ECA9100855D82 /* ViewController.m in Sources */,
				CEAD62091A5ECA9100855D82 /* AppDelegate.m in Sources */,
				CEAD62061A5ECA9100855D82 /* main.m in Sources */,
			);
			runOnlyForDeploymentPostprocessing = 0;
		};
		CEAD62151A5ECA9100855D82 /* Sources */ = {
			isa = PBXSourcesBuildPhase;
			buildActionMask = 2147483647;
			files = (
				CEAD62201A5ECA9100855D82 /* GitHubFriendsTests.m in Sources */,
			);
			runOnlyForDeploymentPostprocessing = 0;
		};
/* End PBXSourcesBuildPhase section */

/* Begin PBXTargetDependency section */
		CEAD621B1A5ECA9100855D82 /* PBXTargetDependency */ = {
			isa = PBXTargetDependency;
			target = CEAD61FF1A5ECA9100855D82 /* GitHubFriends */;
			targetProxy = CEAD621A1A5ECA9100855D82 /* PBXContainerItemProxy */;
		};
/* End PBXTargetDependency section */

/* Begin PBXVariantGroup section */
		CEAD620D1A5ECA9100855D82 /* Main.storyboard */ = {
			isa = PBXVariantGroup;
			children = (
				CEAD620E1A5ECA9100855D82 /* Base */,
			);
			name = Main.storyboard;
			sourceTree = "<group>";
		};
		CEAD62121A5ECA9100855D82 /* LaunchScreen.xib */ = {
			isa = PBXVariantGroup;
			children = (
				CEAD62131A5ECA9100855D82 /* Base */,
			);
			name = LaunchScreen.xib;
			sourceTree = "<group>";
		};
/* End PBXVariantGroup section */

/* Begin XCBuildConfiguration section */
		CEAD62211A5ECA9100855D82 /* Debug */ = {
			isa = XCBuildConfiguration;
			buildSettings = {
				ALWAYS_SEARCH_USER_PATHS = NO;
				CLANG_CXX_LANGUAGE_STANDARD = "gnu++0x";
				CLANG_CXX_LIBRARY = "libc++";
				CLANG_ENABLE_MODULES = YES;
				CLANG_ENABLE_OBJC_ARC = YES;
				CLANG_WARN_BOOL_CONVERSION = YES;
				CLANG_WARN_CONSTANT_CONVERSION = YES;
				CLANG_WARN_DIRECT_OBJC_ISA_USAGE = YES_ERROR;
				CLANG_WARN_EMPTY_BODY = YES;
				CLANG_WARN_ENUM_CONVERSION = YES;
				CLANG_WARN_INT_CONVERSION = YES;
				CLANG_WARN_OBJC_ROOT_CLASS = YES_ERROR;
				CLANG_WARN_UNREACHABLE_CODE = YES;
				CLANG_WARN__DUPLICATE_METHOD_MATCH = YES;
				"CODE_SIGN_IDENTITY[sdk=iphoneos*]" = "iPhone Developer";
				COPY_PHASE_STRIP = NO;
				ENABLE_STRICT_OBJC_MSGSEND = YES;
				GCC_C_LANGUAGE_STANDARD = gnu99;
				GCC_DYNAMIC_NO_PIC = NO;
				GCC_OPTIMIZATION_LEVEL = 0;
				GCC_PREPROCESSOR_DEFINITIONS = (
					"DEBUG=1",
					"$(inherited)",
				);
				GCC_SYMBOLS_PRIVATE_EXTERN = NO;
				GCC_WARN_64_TO_32_BIT_CONVERSION = YES;
				GCC_WARN_ABOUT_RETURN_TYPE = YES_ERROR;
				GCC_WARN_UNDECLARED_SELECTOR = YES;
				GCC_WARN_UNINITIALIZED_AUTOS = YES_AGGRESSIVE;
				GCC_WARN_UNUSED_FUNCTION = YES;
				GCC_WARN_UNUSED_VARIABLE = YES;
				IPHONEOS_DEPLOYMENT_TARGET = 8.1;
				MTL_ENABLE_DEBUG_INFO = YES;
				ONLY_ACTIVE_ARCH = YES;
				SDKROOT = iphoneos;
			};
			name = Debug;
		};
		CEAD62221A5ECA9100855D82 /* Release */ = {
			isa = XCBuildConfiguration;
			buildSettings = {
				ALWAYS_SEARCH_USER_PATHS = NO;
				CLANG_CXX_LANGUAGE_STANDARD = "gnu++0x";
				CLANG_CXX_LIBRARY = "libc++";
				CLANG_ENABLE_MODULES = YES;
				CLANG_ENABLE_OBJC_ARC = YES;
				CLANG_WARN_BOOL_CONVERSION = YES;
				CLANG_WARN_CONSTANT_CONVERSION = YES;
				CLANG_WARN_DIRECT_OBJC_ISA_USAGE = YES_ERROR;
				CLANG_WARN_EMPTY_BODY = YES;
				CLANG_WARN_ENUM_CONVERSION = YES;
				CLANG_WARN_INT_CONVERSION = YES;
				CLANG_WARN_OBJC_ROOT_CLASS = YES_ERROR;
				CLANG_WARN_UNREACHABLE_CODE = YES;
				CLANG_WARN__DUPLICATE_METHOD_MATCH = YES;
				"CODE_SIGN_IDENTITY[sdk=iphoneos*]" = "iPhone Developer";
				COPY_PHASE_STRIP = YES;
				ENABLE_NS_ASSERTIONS = NO;
				ENABLE_STRICT_OBJC_MSGSEND = YES;
				GCC_C_LANGUAGE_STANDARD = gnu99;
				GCC_WARN_64_TO_32_BIT_CONVERSION = YES;
				GCC_WARN_ABOUT_RETURN_TYPE = YES_ERROR;
				GCC_WARN_UNDECLARED_SELECTOR = YES;
				GCC_WARN_UNINITIALIZED_AUTOS = YES_AGGRESSIVE;
				GCC_WARN_UNUSED_FUNCTION = YES;
				GCC_WARN_UNUSED_VARIABLE = YES;
				IPHONEOS_DEPLOYMENT_TARGET = 8.1;
				MTL_ENABLE_DEBUG_INFO = NO;
				SDKROOT = iphoneos;
				VALIDATE_PRODUCT = YES;
			};
			name = Release;
		};
		CEAD62241A5ECA9100855D82 /* Debug */ = {
			isa = XCBuildConfiguration;
			buildSettings = {
				ASSETCATALOG_COMPILER_APPICON_NAME = AppIcon;
				INFOPLIST_FILE = GitHubFriends/Info.plist;
				LD_RUNPATH_SEARCH_PATHS = "$(inherited) @executable_path/Frameworks";
				PRODUCT_NAME = "$(TARGET_NAME)";
			};
			name = Debug;
		};
		CEAD62251A5ECA9100855D82 /* Release */ = {
			isa = XCBuildConfiguration;
			buildSettings = {
				ASSETCATALOG_COMPILER_APPICON_NAME = AppIcon;
				INFOPLIST_FILE = GitHubFriends/Info.plist;
				LD_RUNPATH_SEARCH_PATHS = "$(inherited) @executable_path/Frameworks";
				PRODUCT_NAME = "$(TARGET_NAME)";
			};
			name = Release;
		};
		CEAD62271A5ECA9100855D82 /* Debug */ = {
			isa = XCBuildConfiguration;
			buildSettings = {
				BUNDLE_LOADER = "$(TEST_HOST)";
				FRAMEWORK_SEARCH_PATHS = (
					"$(SDKROOT)/Developer/Library/Frameworks",
					"$(inherited)",
				);
				GCC_PREPROCESSOR_DEFINITIONS = (
					"DEBUG=1",
					"$(inherited)",
				);
				INFOPLIST_FILE = GitHubFriendsTests/Info.plist;
				LD_RUNPATH_SEARCH_PATHS = "$(inherited) @executable_path/Frameworks @loader_path/Frameworks";
				PRODUCT_NAME = "$(TARGET_NAME)";
				TEST_HOST = "$(BUILT_PRODUCTS_DIR)/GitHubFriends.app/GitHubFriends";
			};
			name = Debug;
		};
		CEAD62281A5ECA9100855D82 /* Release */ = {
			isa = XCBuildConfiguration;
			buildSettings = {
				BUNDLE_LOADER = "$(TEST_HOST)";
				FRAMEWORK_SEARCH_PATHS = (
					"$(SDKROOT)/Developer/Library/Frameworks",
					"$(inherited)",
				);
				INFOPLIST_FILE = GitHubFriendsTests/Info.plist;
				LD_RUNPATH_SEARCH_PATHS = "$(inherited) @executable_path/Frameworks @loader_path/Frameworks";
				PRODUCT_NAME = "$(TARGET_NAME)";
				TEST_HOST = "$(BUILT_PRODUCTS_DIR)/GitHubFriends.app/GitHubFriends";
			};
			name = Release;
		};
/* End XCBuildConfiguration section */

/* Begin XCConfigurationList section */
		CEAD61FB1A5ECA9100855D82 /* Build configuration list for PBXProject "GitHubFriends" */ = {
			isa = XCConfigurationList;
			buildConfigurations = (
				CEAD62211A5ECA9100855D82 /* Debug */,
				CEAD62221A5ECA9100855D82 /* Release */,
			);
			defaultConfigurationIsVisible = 0;
			defaultConfigurationName = Release;
		};
		CEAD62231A5ECA9100855D82 /* Build configuration list for PBXNativeTarget "GitHubFriends" */ = {
			isa = XCConfigurationList;
			buildConfigurations = (
				CEAD62241A5ECA9100855D82 /* Debug */,
				CEAD62251A5ECA9100855D82 /* Release */,
			);
			defaultConfigurationIsVisible = 0;
		};
		CEAD62261A5ECA9100855D82 /* Build configuration list for PBXNativeTarget "GitHubFriendsTests" */ = {
			isa = XCConfigurationList;
			buildConfigurations = (
				CEAD62271A5ECA9100855D82 /* Debug */,
				CEAD62281A5ECA9100855D82 /* Release */,
			);
			defaultConfigurationIsVisible = 0;
		};
/* End XCConfigurationList section */
	};
	rootObject = CEAD61F81A5ECA9100855D82 /* Project object */;
}
